
Microsoft Visual Studio Solution File, Format Version 12.00
# Visual Studio Version 17
VisualStudioVersion = 17.4.33213.308
MinimumVisualStudioVersion = 10.0.40219.1
Project("{9A19103F-16F7-4668-BE54-9A1E7A4F7556}") = "CustomerDemo", "CustomerDemo\CustomerDemo.csproj", "{21C0A09D-BDE8-4737-861F-8460AA76FA8F}"
EndProject
Project("{FAE04EC0-301F-11D3-BF4B-00C04F79EFBC}") = "UnitTests", "UnitTests\UnitTests.csproj", "{62F54138-A13E-401C-9EAF-41C1D1F12A3B}"
EndProject
Global
	GlobalSection(SolutionConfigurationPlatforms) = preSolution
		Debug|Any CPU = Debug|Any CPU
		Release|Any CPU = Release|Any CPU
	EndGlobalSection
	GlobalSection(ProjectConfigurationPlatforms) = postSolution
		{21C0A09D-BDE8-4737-861F-8460AA76FA8F}.Debug|Any CPU.ActiveCfg = Debug|Any CPU
		{21C0A09D-BDE8-4737-861F-8460AA76FA8F}.Debug|Any CPU.Build.0 = Debug|Any CPU
		{21C0A09D-BDE8-4737-861F-8460AA76FA8F}.Release|Any CPU.ActiveCfg = Release|Any CPU
		{21C0A09D-BDE8-4737-861F-8460AA76FA8F}.Release|Any CPU.Build.0 = Release|Any CPU
		{62F54138-A13E-401C-9EAF-41C1D1F12A3B}.Debug|Any CPU.ActiveCfg = Debug|Any CPU
		{62F54138-A13E-401C-9EAF-41C1D1F12A3B}.Debug|Any CPU.Build.0 = Debug|Any CPU
		{62F54138-A13E-401C-9EAF-41C1D1F12A3B}.Release|Any CPU.ActiveCfg = Release|Any CPU
		{62F54138-A13E-401C-9EAF-41C1D1F12A3B}.Release|Any CPU.Build.0 = Release|Any CPU
	EndGlobalSection
	GlobalSection(SolutionProperties) = preSolution
		HideSolutionNode = FALSE
	EndGlobalSection
	GlobalSection(ExtensibilityGlobals) = postSolution
		SolutionGuid = {B60A1801-B18F-49A0-B2D4-FF67C88894BD}
	EndGlobalSection
EndGlobal
